
Microsoft Visual Studio Solution File, Format Version 12.00
# Visual Studio Version 17
VisualStudioVersion = 17.9.34728.123
MinimumVisualStudioVersion = 10.0.40219.1
Project("{8BC9CEB8-8B4A-11D0-8D11-00A0C91BC942}") = "L2024051302", "L2024051302.vcxproj", "{32A061BA-6D3F-4CAC-A1B5-64A548916241}"
EndProject
Global
	GlobalSection(SolutionConfigurationPlatforms) = preSolution
		Debug|x64 = Debug|x64
		Debug|x86 = Debug|x86
		Release|x64 = Release|x64
		Release|x86 = Release|x86
	EndGlobalSection
	GlobalSection(ProjectConfigurationPlatforms) = postSolution
		{32A061BA-6D3F-4CAC-A1B5-64A548916241}.Debug|x64.ActiveCfg = Debug|x64
		{32A061BA-6D3F-4CAC-A1B5-64A548916241}.Debug|x64.Build.0 = Debug|x64
		{32A061BA-6D3F-4CAC-A1B5-64A548916241}.Debug|x86.ActiveCfg = Debug|Win32
		{32A061BA-6D3F-4CAC-A1B5-64A548916241}.Debug|x86.Build.0 = Debug|Win32
		{32A061BA-6D3F-4CAC-A1B5-64A548916241}.Release|x64.ActiveCfg = Release|x64
		{32A061BA-6D3F-4CAC-A1B5-64A548916241}.Release|x64.Build.0 = Release|x64
		{32A061BA-6D3F-4CAC-A1B5-64A548916241}.Release|x86.ActiveCfg = Release|Win32
		{32A061BA-6D3F-4CAC-A1B5-64A548916241}.Release|x86.Build.0 = Release|Win32
	EndGlobalSection
	GlobalSection(SolutionProperties) = preSolution
		HideSolutionNode = FALSE
	EndGlobalSection
	GlobalSection(ExtensibilityGlobals) = postSolution
		SolutionGuid = {E3D59782-D0E9-46F6-8AB5-A46C51305FA9}
	EndGlobalSection
EndGlobal
